{
  "name": "malaria-bootcamp",
  "lockfileVersion": 2,
  "requires": true,
  "packages": {
    "": {
      "dependencies": {
        "@medic/eslint-config": "^1.1.0"
      }
    },
    "node_modules/@medic/eslint-config": {
      "version": "1.1.0",
      "resolved": "https://registry.npmjs.org/@medic/eslint-config/-/eslint-config-1.1.0.tgz",
      "integrity": "sha512-KQXLM4BJ2GVmFL56iIqDUQWPPmIrJXJ03gB8zqnB6tTxwPIwAUrdXQXsb3rudMItVe9VNVRXdzBVnpd/ntfAzw=="
    }
  },
  "dependencies": {
    "@medic/eslint-config": {
      "version": "1.1.0",
      "resolved": "https://registry.npmjs.org/@medic/eslint-config/-/eslint-config-1.1.0.tgz",
      "integrity": "sha512-KQXLM4BJ2GVmFL56iIqDUQWPPmIrJXJ03gB8zqnB6tTxwPIwAUrdXQXsb3rudMItVe9VNVRXdzBVnpd/ntfAzw=="
    }
  }
}
